# THIS IS AN AUTOGENERATED FILE. DO NOT EDIT THIS FILE DIRECTLY.
# yarn lockfile v1


argparse@^1.0.7:
  version "1.0.9"
  resolved "https://registry.yarnpkg.com/argparse/-/argparse-1.0.9.tgz#73d83bc263f86e97f8cc4f6bae1b0e90a7d22c86"
  dependencies:
    sprintf-js "~1.0.2"

bluebird-lst@^1.0.2, bluebird-lst@^1.0.3:
  version "1.0.3"
  resolved "https://registry.yarnpkg.com/bluebird-lst/-/bluebird-lst-1.0.3.tgz#cc56c18660eff0a0b86e2c33d1659618f7005158"
  dependencies:
    bluebird "^3.5.0"

bluebird@^3.5.0:
  version "3.5.0"
  resolved "https://registry.yarnpkg.com/bluebird/-/bluebird-3.5.0.tgz#791420d7f551eea2897453a8a77653f96606d67c"

debug@^3.0.0:
  version "3.0.0"
  resolved "https://registry.yarnpkg.com/debug/-/debug-3.0.0.tgz#1d2feae53349047b08b264ec41906ba17a8516e4"
  dependencies:
    ms "2.0.0"

electron-builder-http@~19.21.0:
  version "19.21.0"
  resolved "https://registry.yarnpkg.com/electron-builder-http/-/electron-builder-http-19.21.0.tgz#3e812f030fddb5eaebcc26303f7bca1a34e1da76"
  dependencies:
    bluebird-lst "^1.0.3"
    debug "^3.0.0"
    fs-extra-p "^4.4.0"

electron-is-dev@^0.3.0:
  version "0.3.0"
  resolved "https://registry.yarnpkg.com/electron-is-dev/-/electron-is-dev-0.3.0.tgz#14e6fda5c68e9e4ecbeff9ccf037cbd7c05c5afe"

electron-log@^2.2.7:
  version "2.2.7"
  resolved "https://registry.yarnpkg.com/electron-log/-/electron-log-2.2.7.tgz#8da0d2586b53b175392ae6b91dc510a67c195341"

electron-updater@^2.8.7:
  version "2.8.7"
  resolved "https://registry.yarnpkg.com/electron-updater/-/electron-updater-2.8.7.tgz#139c34382bea26701c6ef82db457268b08f071a1"
  dependencies:
    bluebird-lst "^1.0.3"
    debug "^3.0.0"
    electron-builder-http "~19.21.0"
    electron-is-dev "^0.3.0"
    fs-extra-p "^4.4.0"
    js-yaml "^3.9.1"
    lazy-val "^1.0.2"
    lodash.isequal "^4.5.0"
    semver "^5.4.1"
    source-map-support "^0.4.15"
    uuid-1345 "^0.99.6"
    xelement "^1.0.16"

esprima@^4.0.0:
  version "4.0.0"
  resolved "https://registry.yarnpkg.com/esprima/-/esprima-4.0.0.tgz#4499eddcd1110e0b218bacf2fa7f7f59f55ca804"

fs-extra-p@^4.4.0:
  version "4.4.0"
  resolved "https://registry.yarnpkg.com/fs-extra-p/-/fs-extra-p-4.4.0.tgz#729c601c4f4c701328921adc7cfe9b236f100660"
  dependencies:
    bluebird-lst "^1.0.2"
    fs-extra "^4.0.0"

fs-extra@^4.0.0:
  version "4.0.1"
  resolved "https://registry.yarnpkg.com/fs-extra/-/fs-extra-4.0.1.tgz#7fc0c6c8957f983f57f306a24e5b9ddd8d0dd880"
  dependencies:
    graceful-fs "^4.1.2"
    jsonfile "^3.0.0"
    universalify "^0.1.0"

graceful-fs@^4.1.2, graceful-fs@^4.1.6:
  version "4.1.11"
  resolved "https://registry.yarnpkg.com/graceful-fs/-/graceful-fs-4.1.11.tgz#0e8bdfe4d1ddb8854d64e04ea7c00e2a026e5658"

js-yaml@^3.9.1:
  version "3.9.1"
  resolved "https://registry.yarnpkg.com/js-yaml/-/js-yaml-3.9.1.tgz#08775cebdfdd359209f0d2acd383c8f86a6904a0"
  dependencies:
    argparse "^1.0.7"
    esprima "^4.0.0"

jsonfile@^3.0.0:
  version "3.0.1"
  resolved "https://registry.yarnpkg.com/jsonfile/-/jsonfile-3.0.1.tgz#a5ecc6f65f53f662c4415c7675a0331d0992ec66"
  optionalDependencies:
    graceful-fs "^4.1.6"

lazy-val@^1.0.2:
  version "1.0.2"
  resolved "https://registry.yarnpkg.com/lazy-val/-/lazy-val-1.0.2.tgz#d9b07fb1fce54cbc99b3c611de431b83249369b6"

lodash.isequal@^4.5.0:
  version "4.5.0"
  resolved "https://registry.yarnpkg.com/lodash.isequal/-/lodash.isequal-4.5.0.tgz#415c4478f2bcc30120c22ce10ed3226f7d3e18e0"

macaddress@^0.2.7:
  version "0.2.8"
  resolved "https://registry.yarnpkg.com/macaddress/-/macaddress-0.2.8.tgz#5904dc537c39ec6dbefeae902327135fa8511f12"

ms@2.0.0:
  version "2.0.0"
  resolved "https://registry.yarnpkg.com/ms/-/ms-2.0.0.tgz#5608aeadfc00be6c2901df5f9861788de0d597c8"

sax@^1.2.1:
  version "1.2.4"
  resolved "https://registry.yarnpkg.com/sax/-/sax-1.2.4.tgz#2816234e2378bddc4e5354fab5caa895df7100d9"

semver@^5.4.1:
  version "5.4.1"
  resolved "https://registry.yarnpkg.com/semver/-/semver-5.4.1.tgz#e059c09d8571f0540823733433505d3a2f00b18e"

source-map-support@^0.4.15:
  version "0.4.15"
  resolved "https://registry.yarnpkg.com/source-map-support/-/source-map-support-0.4.15.tgz#03202df65c06d2bd8c7ec2362a193056fef8d3b1"
  dependencies:
    source-map "^0.5.6"

source-map@^0.5.6:
  version "0.5.6"
  resolved "https://registry.yarnpkg.com/source-map/-/source-map-0.5.6.tgz#75ce38f52bf0733c5a7f0c118d81334a2bb5f412"

sprintf-js@~1.0.2:
  version "1.0.3"
  resolved "https://registry.yarnpkg.com/sprintf-js/-/sprintf-js-1.0.3.tgz#04e6926f662895354f3dd015203633b857297e2c"

universalify@^0.1.0:
  version "0.1.1"
  resolved "https://registry.yarnpkg.com/universalify/-/universalify-0.1.1.tgz#fa71badd4437af4c148841e3b3b165f9e9e590b7"

uuid-1345@^0.99.6:
  version "0.99.6"
  resolved "https://registry.yarnpkg.com/uuid-1345/-/uuid-1345-0.99.6.tgz#b1270ae015a7721c7adec6c46ec169c6098aed40"
  dependencies:
    macaddress "^0.2.7"

xelement@^1.0.16:
  version "1.0.16"
  resolved "https://registry.yarnpkg.com/xelement/-/xelement-1.0.16.tgz#900bb46c20fc2dffadff778a9d2dc36699d0ff7e"
  dependencies:
    sax "^1.2.1"
